
Microsoft Visual Studio Solution File, Format Version 12.00
# Visual Studio Version 17
VisualStudioVersion = 17.8.34330.188
MinimumVisualStudioVersion = 10.0.40219.1
Project("{9A19103F-16F7-4668-BE54-9A1E7A4F7556}") = "PedalMasterDesk", "PedalMasterDesk\PedalMasterDesk.csproj", "{BC3BB608-44BA-46DC-AB2A-E1665FD4296F}"
	ProjectSection(ProjectDependencies) = postProject
		{6F0E5B51-5F12-4803-A13B-68905828D6FB} = {6F0E5B51-5F12-4803-A13B-68905828D6FB}
	EndProjectSection
EndProject
Project("{9A19103F-16F7-4668-BE54-9A1E7A4F7556}") = "PedalMasterLib", "PedalMasterLib\PedalMasterLib.csproj", "{6F0E5B51-5F12-4803-A13B-68905828D6FB}"
EndProject
Project("{2150E333-8FDC-42A3-9474-1A3956D46DE8}") = "Banco", "Banco", "{EFB36C97-6905-4E39-AA67-B4F54C4B7DE1}"
	ProjectSection(SolutionItems) = preProject
		DumoDoBanco.txt = DumoDoBanco.txt
	EndProjectSection
EndProject
Project("{2150E333-8FDC-42A3-9474-1A3956D46DE8}") = "Site", "Site", "{B77C6375-0E71-4AF1-B056-E6CB799B95DA}"
EndProject
Project("{E24C65DC-7377-472B-9ABA-BC803B73C61A}") = "Projeto_UC16", "..\..\..\..\Downloads\Projeto_UC16\", "{EADCB4D2-F79B-45A1-AF18-EA2B6F9AD331}"
	ProjectSection(WebsiteProperties) = preProject
		TargetFrameworkMoniker = ".NETFramework,Version%3Dv4.8"
		Debug.AspNetCompiler.VirtualPath = "/localhost_49618"
		Debug.AspNetCompiler.PhysicalPath = "..\..\..\..\Downloads\Projeto_UC16\"
		Debug.AspNetCompiler.TargetPath = "PrecompiledWeb\localhost_49618\"
		Debug.AspNetCompiler.Updateable = "true"
		Debug.AspNetCompiler.ForceOverwrite = "true"
		Debug.AspNetCompiler.FixedNames = "false"
		Debug.AspNetCompiler.Debug = "True"
		Release.AspNetCompiler.VirtualPath = "/localhost_49618"
		Release.AspNetCompiler.PhysicalPath = "..\..\..\..\Downloads\Projeto_UC16\"
		Release.AspNetCompiler.TargetPath = "PrecompiledWeb\localhost_49618\"
		Release.AspNetCompiler.Updateable = "true"
		Release.AspNetCompiler.ForceOverwrite = "true"
		Release.AspNetCompiler.FixedNames = "false"
		Release.AspNetCompiler.Debug = "False"
		VWDPort = "49618"
		SlnRelativePath = "..\..\..\..\Downloads\Projeto_UC16\"
	EndProjectSection
EndProject
Global
	GlobalSection(SolutionConfigurationPlatforms) = preSolution
		Debug|Any CPU = Debug|Any CPU
		Release|Any CPU = Release|Any CPU
	EndGlobalSection
	GlobalSection(ProjectConfigurationPlatforms) = postSolution
		{BC3BB608-44BA-46DC-AB2A-E1665FD4296F}.Debug|Any CPU.ActiveCfg = Debug|Any CPU
		{BC3BB608-44BA-46DC-AB2A-E1665FD4296F}.Debug|Any CPU.Build.0 = Debug|Any CPU
		{BC3BB608-44BA-46DC-AB2A-E1665FD4296F}.Release|Any CPU.ActiveCfg = Release|Any CPU
		{BC3BB608-44BA-46DC-AB2A-E1665FD4296F}.Release|Any CPU.Build.0 = Release|Any CPU
		{6F0E5B51-5F12-4803-A13B-68905828D6FB}.Debug|Any CPU.ActiveCfg = Debug|Any CPU
		{6F0E5B51-5F12-4803-A13B-68905828D6FB}.Debug|Any CPU.Build.0 = Debug|Any CPU
		{6F0E5B51-5F12-4803-A13B-68905828D6FB}.Release|Any CPU.ActiveCfg = Release|Any CPU
		{6F0E5B51-5F12-4803-A13B-68905828D6FB}.Release|Any CPU.Build.0 = Release|Any CPU
		{EADCB4D2-F79B-45A1-AF18-EA2B6F9AD331}.Debug|Any CPU.ActiveCfg = Debug|Any CPU
		{EADCB4D2-F79B-45A1-AF18-EA2B6F9AD331}.Debug|Any CPU.Build.0 = Debug|Any CPU
		{EADCB4D2-F79B-45A1-AF18-EA2B6F9AD331}.Release|Any CPU.ActiveCfg = Debug|Any CPU
		{EADCB4D2-F79B-45A1-AF18-EA2B6F9AD331}.Release|Any CPU.Build.0 = Debug|Any CPU
	EndGlobalSection
	GlobalSection(SolutionProperties) = preSolution
		HideSolutionNode = FALSE
	EndGlobalSection
	GlobalSection(NestedProjects) = preSolution
		{EADCB4D2-F79B-45A1-AF18-EA2B6F9AD331} = {B77C6375-0E71-4AF1-B056-E6CB799B95DA}
	EndGlobalSection
	GlobalSection(ExtensibilityGlobals) = postSolution
		SolutionGuid = {719FF16B-A90E-4D3E-BCCF-950D7079A040}
	EndGlobalSection
EndGlobal
